// !$*UTF8*$!
{
	archiveVersion = 1;
	classes = {
	};
	objectVersion = 77;
	objects = {

/* Begin PBXBuildFile section */
		3EEFF99FFCD2D4C5FF5065B6 /* WalkTests.swift in Sources */ = {isa = PBXBuildFile; fileRef = 560DF3601BB52C89C61C3815 /* WalkTests.swift */; };
		52D8DE4102C0768DC2ABF8D0 /* ConfigTests.swift in Sources */ = {isa = PBXBuildFile; fileRef = AC938E5605D45A093EA8DB13 /* ConfigTests.swift */; };
		66617BB3A744B71E1AFCEF29 /* App.swift in Sources */ = {isa = PBXBuildFile; fileRef = 32320E4E6FE868E9549E71BB /* App.swift */; };
		797C717FAC57DFD23AE6B176 /* Config.swift in Sources */ = {isa = PBXBuildFile; fileRef = 0EF19F35DF03B5B7DDBD5C70 /* Config.swift */; };
		986797445F3AD2A28AFD95A9 /* Assets.xcassets in Resources */ = {isa = PBXBuildFile; fileRef = 4E55602CB5F04AADC04F01C7 /* Assets.xcassets */; };
		A16F30A94C91C04FFAC6F6AB /* Localizable.xcstrings in Resources */ = {isa = PBXBuildFile; fileRef = 1443AA6D46677F6298D702AB /* Localizable.xcstrings */; };
		A2029A4441C2EBFC4A73E1B1 /* AppIcon.icon in Resources */ = {isa = PBXBuildFile; fileRef = D0B5868EDFEFFA7EB876EF11 /* AppIcon.icon */; };
/* End PBXBuildFile section */

/* Begin PBXContainerItemProxy section */
		50C0D552079748882F0922EE /* PBXContainerItemProxy */ = {
			isa = PBXContainerItemProxy;
			containerPortal = 06B8F519E31A518DF7D336A1 /* Project object */;
			proxyType = 1;
			remoteGlobalIDString = 0952423F223009CEF62C92EE;
			remoteInfo = Campfire;
		};
		F6FF320BC8723D850E8A0806 /* PBXContainerItemProxy */ = {
			isa = PBXContainerItemProxy;
			containerPortal = 06B8F519E31A518DF7D336A1 /* Project object */;
			proxyType = 1;
			remoteGlobalIDString = 0952423F223009CEF62C92EE;
			remoteInfo = Campfire;
		};
/* End PBXContainerItemProxy section */

/* Begin PBXFileReference section */
		0EF19F35DF03B5B7DDBD5C70 /* Config.swift */ = {isa = PBXFileReference; lastKnownFileType = sourcecode.swift; path = Config.swift; sourceTree = "<group>"; };
		1443AA6D46677F6298D702AB /* Localizable.xcstrings */ = {isa = PBXFileReference; lastKnownFileType = text.json.xcstrings; path = Localizable.xcstrings; sourceTree = "<group>"; };
		260290DBAEB5189642641782 /* Campfire-uitest.plist */ = {isa = PBXFileReference; lastKnownFileType = text.plist; path = "Campfire-uitest.plist"; sourceTree = "<group>"; };
		26A24DF9CD14E45FDA391BFB /* Campfire.plist */ = {isa = PBXFileReference; lastKnownFileType = text.plist; path = Campfire.plist; sourceTree = "<group>"; };
		32320E4E6FE868E9549E71BB /* App.swift */ = {isa = PBXFileReference; lastKnownFileType = sourcecode.swift; path = App.swift; sourceTree = "<group>"; };
		385330E42EB6817FC4F71A6C /* Local.xcconfig */ = {isa = PBXFileReference; lastKnownFileType = text.xcconfig; path = Local.xcconfig; sourceTree = "<group>"; };
		4E55602CB5F04AADC04F01C7 /* Assets.xcassets */ = {isa = PBXFileReference; lastKnownFileType = folder.assetcatalog; path = Assets.xcassets; sourceTree = "<group>"; };
		560DF3601BB52C89C61C3815 /* WalkTests.swift */ = {isa = PBXFileReference; lastKnownFileType = sourcecode.swift; path = WalkTests.swift; sourceTree = "<group>"; };
		981586AC6054589865EA061A /* Dev.xcconfig */ = {isa = PBXFileReference; lastKnownFileType = text.xcconfig; path = Dev.xcconfig; sourceTree = "<group>"; };
		9E566F8C20DDF35CCBDBFAB5 /* CampfireTests.xctest */ = {isa = PBXFileReference; includeInIndex = 0; lastKnownFileType = wrapper.cfbundle; path = CampfireTests.xctest; sourceTree = BUILT_PRODUCTS_DIR; };
		AC938E5605D45A093EA8DB13 /* ConfigTests.swift */ = {isa = PBXFileReference; lastKnownFileType = sourcecode.swift; path = ConfigTests.swift; sourceTree = "<group>"; };
		ACC4D629B032AFD7C665B153 /* Campfire-test.plist */ = {isa = PBXFileReference; lastKnownFileType = text.plist; path = "Campfire-test.plist"; sourceTree = "<group>"; };
		D0B5868EDFEFFA7EB876EF11 /* AppIcon.icon */ = {isa = PBXFileReference; lastKnownFileType = wrapper.icon; path = AppIcon.icon; sourceTree = "<group>"; };
		DCCB65045B963E522D0858DE /* Prod.xcconfig */ = {isa = PBXFileReference; lastKnownFileType = text.xcconfig; path = Prod.xcconfig; sourceTree = "<group>"; };
		E978712C4B5B642C44883D6E /* CampfireUITests.xctest */ = {isa = PBXFileReference; includeInIndex = 0; lastKnownFileType = wrapper.cfbundle; path = CampfireUITests.xctest; sourceTree = BUILT_PRODUCTS_DIR; };
		F1AE1AD7BB5B1B647B42EC9A /* project.yml */ = {isa = PBXFileReference; lastKnownFileType = text.yaml; path = project.yml; sourceTree = "<group>"; };
		F807A56F85E9DCAE6C55F396 /* Campfire.app */ = {isa = PBXFileReference; includeInIndex = 0; lastKnownFileType = wrapper.application; path = Campfire.app; sourceTree = BUILT_PRODUCTS_DIR; };
		FE1C6ABED4F23C3DF00D51A9 /* Shared.xcconfig */ = {isa = PBXFileReference; lastKnownFileType = text.xcconfig; path = Shared.xcconfig; sourceTree = "<group>"; };
/* End PBXFileReference section */

/* Begin PBXGroup section */
		00E9983B6237CCD2EFEBDE0A /* assets */ = {
			isa = PBXGroup;
			children = (
				D0B5868EDFEFFA7EB876EF11 /* AppIcon.icon */,
				4E55602CB5F04AADC04F01C7 /* Assets.xcassets */,
				1443AA6D46677F6298D702AB /* Localizable.xcstrings */,
			);
			path = assets;
			sourceTree = "<group>";
		};
		062C87291073C2CA2D3650DD /* test */ = {
			isa = PBXGroup;
			children = (
				AC938E5605D45A093EA8DB13 /* ConfigTests.swift */,
			);
			path = test;
			sourceTree = "<group>";
		};
		5D09905DC789B32013B4D7AC /* src */ = {
			isa = PBXGroup;
			children = (
				32320E4E6FE868E9549E71BB /* App.swift */,
				0EF19F35DF03B5B7DDBD5C70 /* Config.swift */,
			);
			path = src;
			sourceTree = "<group>";
		};
		78BC02D2DC331FD2C8734BF8 /* Products */ = {
			isa = PBXGroup;
			children = (
				F807A56F85E9DCAE6C55F396 /* Campfire.app */,
				9E566F8C20DDF35CCBDBFAB5 /* CampfireTests.xctest */,
				E978712C4B5B642C44883D6E /* CampfireUITests.xctest */,
			);
			name = Products;
			sourceTree = "<group>";
		};
		ABDBDA3FBFF19B4E739AD7FD /* test-ui */ = {
			isa = PBXGroup;
			children = (
				560DF3601BB52C89C61C3815 /* WalkTests.swift */,
			);
			path = "test-ui";
			sourceTree = "<group>";
		};
		ABF5F3EDE55EEA07D7B2CD10 /* generated */ = {
			isa = PBXGroup;
			children = (
				ACC4D629B032AFD7C665B153 /* Campfire-test.plist */,
				260290DBAEB5189642641782 /* Campfire-uitest.plist */,
				26A24DF9CD14E45FDA391BFB /* Campfire.plist */,
			);
			path = generated;
			sourceTree = "<group>";
		};
		DF1F8CEE45479ED9CEE6AF61 = {
			isa = PBXGroup;
			children = (
				00E9983B6237CCD2EFEBDE0A /* assets */,
				E655BC80F2777E263E9FD8D3 /* config */,
				5D09905DC789B32013B4D7AC /* src */,
				062C87291073C2CA2D3650DD /* test */,
				ABDBDA3FBFF19B4E739AD7FD /* test-ui */,
				F1AE1AD7BB5B1B647B42EC9A /* project.yml */,
				78BC02D2DC331FD2C8734BF8 /* Products */,
			);
			indentWidth = 2;
			sourceTree = "<group>";
			tabWidth = 2;
		};
		E655BC80F2777E263E9FD8D3 /* config */ = {
			isa = PBXGroup;
			children = (
				ABF5F3EDE55EEA07D7B2CD10 /* generated */,
				981586AC6054589865EA061A /* Dev.xcconfig */,
				385330E42EB6817FC4F71A6C /* Local.xcconfig */,
				DCCB65045B963E522D0858DE /* Prod.xcconfig */,
				FE1C6ABED4F23C3DF00D51A9 /* Shared.xcconfig */,
			);
			path = config;
			sourceTree = "<group>";
		};
/* End PBXGroup section */

/* Begin PBXNativeTarget section */
		0952423F223009CEF62C92EE /* Campfire */ = {
			isa = PBXNativeTarget;
			buildConfigurationList = 54302500CE1C184EF6B34B58 /* Build configuration list for PBXNativeTarget "Campfire" */;
			buildPhases = (
				6D3AFCA8C0DF37A18E879FC9 /* Sources */,
				33C75B0B87DCF9474D582B00 /* Resources */,
			);
			buildRules = (
			);
			dependencies = (
			);
			name = Campfire;
			packageProductDependencies = (
			);
			productName = Campfire;
			productReference = F807A56F85E9DCAE6C55F396 /* Campfire.app */;
			productType = "com.apple.product-type.application";
		};
		54BF8AB4BAA04247F63767D7 /* CampfireTests */ = {
			isa = PBXNativeTarget;
			buildConfigurationList = 07B2C1250A4244639200B6D5 /* Build configuration list for PBXNativeTarget "CampfireTests" */;
			buildPhases = (
				B2E1BD97B50EDD218865C282 /* Sources */,
			);
			buildRules = (
			);
			dependencies = (
				2CBF5FB277D3B1F634598A35 /* PBXTargetDependency */,
			);
			name = CampfireTests;
			packageProductDependencies = (
			);
			productName = CampfireTests;
			productReference = 9E566F8C20DDF35CCBDBFAB5 /* CampfireTests.xctest */;
			productType = "com.apple.product-type.bundle.unit-test";
		};
		E90307CA5A84C7F9B1139DF3 /* CampfireUITests */ = {
			isa = PBXNativeTarget;
			buildConfigurationList = D558747AFB22E3919568A7A1 /* Build configuration list for PBXNativeTarget "CampfireUITests" */;
			buildPhases = (
				FD7923C28DAF3FCA9E6CF6A4 /* Sources */,
			);
			buildRules = (
			);
			dependencies = (
				435218CABD4B7B15B34BF090 /* PBXTargetDependency */,
			);
			name = CampfireUITests;
			packageProductDependencies = (
			);
			productName = CampfireUITests;
			productReference = E978712C4B5B642C44883D6E /* CampfireUITests.xctest */;
			productType = "com.apple.product-type.bundle.ui-testing";
		};
/* End PBXNativeTarget section */

/* Begin PBXProject section */
		06B8F519E31A518DF7D336A1 /* Project object */ = {
			isa = PBXProject;
			attributes = {
				BuildIndependentTargetsInParallel = YES;
				LastUpgradeCheck = 1430;
				TargetAttributes = {
					0952423F223009CEF62C92EE = {
						DevelopmentTeam = "$(CAMPFIRE_DEVELOPMENT_TEAM)";
						ProvisioningStyle = Automatic;
					};
					E90307CA5A84C7F9B1139DF3 = {
						TestTargetID = 0952423F223009CEF62C92EE;
					};
				};
			};
			buildConfigurationList = 8B3F1EEB824FDA2E038C613B /* Build configuration list for PBXProject "Campfire" */;
			developmentRegion = en;
			hasScannedForEncodings = 0;
			knownRegions = (
				Base,
				en,
				sv,
			);
			mainGroup = DF1F8CEE45479ED9CEE6AF61;
			minimizedProjectReferenceProxies = 1;
			preferredProjectObjectVersion = 77;
			productRefGroup = 78BC02D2DC331FD2C8734BF8 /* Products */;
			projectDirPath = "";
			projectRoot = "";
			targets = (
				0952423F223009CEF62C92EE /* Campfire */,
				54BF8AB4BAA04247F63767D7 /* CampfireTests */,
				E90307CA5A84C7F9B1139DF3 /* CampfireUITests */,
			);
		};
/* End PBXProject section */

/* Begin PBXResourcesBuildPhase section */
		33C75B0B87DCF9474D582B00 /* Resources */ = {
			isa = PBXResourcesBuildPhase;
			buildActionMask = 2147483647;
			files = (
				A2029A4441C2EBFC4A73E1B1 /* AppIcon.icon in Resources */,
				986797445F3AD2A28AFD95A9 /* Assets.xcassets in Resources */,
				A16F30A94C91C04FFAC6F6AB /* Localizable.xcstrings in Resources */,
			);
			runOnlyForDeploymentPostprocessing = 0;
		};
/* End PBXResourcesBuildPhase section */

/* Begin PBXSourcesBuildPhase section */
		6D3AFCA8C0DF37A18E879FC9 /* Sources */ = {
			isa = PBXSourcesBuildPhase;
			buildActionMask = 2147483647;
			files = (
				66617BB3A744B71E1AFCEF29 /* App.swift in Sources */,
				797C717FAC57DFD23AE6B176 /* Config.swift in Sources */,
			);
			runOnlyForDeploymentPostprocessing = 0;
		};
		B2E1BD97B50EDD218865C282 /* Sources */ = {
			isa = PBXSourcesBuildPhase;
			buildActionMask = 2147483647;
			files = (
				52D8DE4102C0768DC2ABF8D0 /* ConfigTests.swift in Sources */,
			);
			runOnlyForDeploymentPostprocessing = 0;
		};
		FD7923C28DAF3FCA9E6CF6A4 /* Sources */ = {
			isa = PBXSourcesBuildPhase;
			buildActionMask = 2147483647;
			files = (
				3EEFF99FFCD2D4C5FF5065B6 /* WalkTests.swift in Sources */,
			);
			runOnlyForDeploymentPostprocessing = 0;
		};
/* End PBXSourcesBuildPhase section */

/* Begin PBXTargetDependency section */
		2CBF5FB277D3B1F634598A35 /* PBXTargetDependency */ = {
			isa = PBXTargetDependency;
			target = 0952423F223009CEF62C92EE /* Campfire */;
			targetProxy = 50C0D552079748882F0922EE /* PBXContainerItemProxy */;
		};
		435218CABD4B7B15B34BF090 /* PBXTargetDependency */ = {
			isa = PBXTargetDependency;
			target = 0952423F223009CEF62C92EE /* Campfire */;
			targetProxy = F6FF320BC8723D850E8A0806 /* PBXContainerItemProxy */;
		};
/* End PBXTargetDependency section */

/* Begin XCBuildConfiguration section */
		1AA8D739E940028CD9437411 /* Dev (Release) */ = {
			isa = XCBuildConfiguration;
			buildSettings = {
				ASSETCATALOG_COMPILER_APPICON_NAME = AppIcon;
				CODE_SIGN_IDENTITY = "iPhone Developer";
				CODE_SIGN_STYLE = Automatic;
				DEVELOPMENT_TEAM = "$(CAMPFIRE_DEVELOPMENT_TEAM)";
				INFOPLIST_FILE = config/generated/Campfire.plist;
				LD_RUNPATH_SEARCH_PATHS = (
					"$(inherited)",
					"@executable_path/Frameworks",
				);
				PRODUCT_BUNDLE_IDENTIFIER = "$(CAMPFIRE_BUNDLE_ID)";
				PRODUCT_NAME = "$(CAMPFIRE_APP_NAME)";
				SDKROOT = auto;
				SUPPORTED_PLATFORMS = "iphoneos iphonesimulator";
				SUPPORTS_MACCATALYST = NO;
				SUPPORTS_MAC_DESIGNED_FOR_IPHONE_IPAD = YES;
				SUPPORTS_XR_DESIGNED_FOR_IPHONE_IPAD = YES;
				TARGETED_DEVICE_FAMILY = 1;
			};
			name = "Dev (Release)";
		};
		3065C5B0524DAFAB65D63A11 /* Local (Release) */ = {
			isa = XCBuildConfiguration;
			buildSettings = {
				BUNDLE_LOADER = "$(TEST_HOST)";
				CODE_SIGNING_ALLOWED = NO;
				INFOPLIST_FILE = "config/generated/Campfire-test.plist";
				LD_RUNPATH_SEARCH_PATHS = (
					"$(inherited)",
					"@executable_path/Frameworks",
					"@loader_path/Frameworks",
				);
				PRODUCT_BUNDLE_IDENTIFIER = "$(CAMPFIRE_BUNDLE_ID).tests";
				SDKROOT = auto;
				SUPPORTED_PLATFORMS = "iphoneos iphonesimulator";
				SUPPORTS_MACCATALYST = NO;
				SUPPORTS_MAC_DESIGNED_FOR_IPHONE_IPAD = YES;
				SUPPORTS_XR_DESIGNED_FOR_IPHONE_IPAD = YES;
				TARGETED_DEVICE_FAMILY = "1,2";
				TEST_HOST = "$(BUILT_PRODUCTS_DIR)/Campfire.app/Campfire";
				"TEST_HOST[sdk=iphonesimulator*]" = "$(BUILT_PRODUCTS_DIR)/$(CAMPFIRE_APP_NAME).app/$(CAMPFIRE_APP_NAME)";
			};
			name = "Local (Release)";
		};
		37DBAADF793F0B29C2725626 /* Prod (Debug) */ = {
			isa = XCBuildConfiguration;
			buildSettings = {
				BUNDLE_LOADER = "$(TEST_HOST)";
				CODE_SIGNING_ALLOWED = NO;
				INFOPLIST_FILE = "config/generated/Campfire-uitest.plist";
				LD_RUNPATH_SEARCH_PATHS = (
					"$(inherited)",
					"@executable_path/Frameworks",
					"@loader_path/Frameworks",
				);
				PRODUCT_BUNDLE_IDENTIFIER = "$(CAMPFIRE_BUNDLE_ID).uitests";
				SDKROOT = auto;
				SUPPORTED_PLATFORMS = "iphoneos iphonesimulator";
				SUPPORTS_MACCATALYST = NO;
				SUPPORTS_MAC_DESIGNED_FOR_IPHONE_IPAD = YES;
				SUPPORTS_XR_DESIGNED_FOR_IPHONE_IPAD = YES;
				TARGETED_DEVICE_FAMILY = "1,2";
				TEST_TARGET_NAME = Campfire;
			};
			name = "Prod (Debug)";
		};
		3BB210A7AEB894B05A915B98 /* Local (Debug) */ = {
			isa = XCBuildConfiguration;
			buildSettings = {
				BUNDLE_LOADER = "$(TEST_HOST)";
				CODE_SIGNING_ALLOWED = NO;
				INFOPLIST_FILE = "config/generated/Campfire-uitest.plist";
				LD_RUNPATH_SEARCH_PATHS = (
					"$(inherited)",
					"@executable_path/Frameworks",
					"@loader_path/Frameworks",
				);
				PRODUCT_BUNDLE_IDENTIFIER = "$(CAMPFIRE_BUNDLE_ID).uitests";
				SDKROOT = auto;
				SUPPORTED_PLATFORMS = "iphoneos iphonesimulator";
				SUPPORTS_MACCATALYST = NO;
				SUPPORTS_MAC_DESIGNED_FOR_IPHONE_IPAD = YES;
				SUPPORTS_XR_DESIGNED_FOR_IPHONE_IPAD = YES;
				TARGETED_DEVICE_FAMILY = "1,2";
				TEST_TARGET_NAME = Campfire;
			};
			name = "Local (Debug)";
		};
		57412518D9F2CCB8991261A2 /* Dev (Debug) */ = {
			isa = XCBuildConfiguration;
			baseConfigurationReference = 981586AC6054589865EA061A /* Dev.xcconfig */;
			buildSettings = {
				ALWAYS_SEARCH_USER_PATHS = NO;
				CLANG_ANALYZER_NONNULL = YES;
				CLANG_ANALYZER_NUMBER_OBJECT_CONVERSION = YES_AGGRESSIVE;
				CLANG_CXX_LANGUAGE_STANDARD = "gnu++14";
				CLANG_CXX_LIBRARY = "libc++";
				CLANG_ENABLE_MODULES = YES;
				CLANG_ENABLE_OBJC_ARC = YES;
				CLANG_ENABLE_OBJC_WEAK = YES;
				CLANG_WARN_BLOCK_CAPTURE_AUTORELEASING = YES;
				CLANG_WARN_BOOL_CONVERSION = YES;
				CLANG_WARN_COMMA = YES;
				CLANG_WARN_CONSTANT_CONVERSION = YES;
				CLANG_WARN_DEPRECATED_OBJC_IMPLEMENTATIONS = YES;
				CLANG_WARN_DIRECT_OBJC_ISA_USAGE = YES_ERROR;
				CLANG_WARN_DOCUMENTATION_COMMENTS = YES;
				CLANG_WARN_EMPTY_BODY = YES;
				CLANG_WARN_ENUM_CONVERSION = YES;
				CLANG_WARN_INFINITE_RECURSION = YES;
				CLANG_WARN_INT_CONVERSION = YES;
				CLANG_WARN_NON_LITERAL_NULL_CONVERSION = YES;
				CLANG_WARN_OBJC_IMPLICIT_RETAIN_SELF = YES;
				CLANG_WARN_OBJC_LITERAL_CONVERSION = YES;
				CLANG_WARN_OBJC_ROOT_CLASS = YES_ERROR;
				CLANG_WARN_QUOTED_INCLUDE_IN_FRAMEWORK_HEADER = YES;
				CLANG_WARN_RANGE_LOOP_ANALYSIS = YES;
				CLANG_WARN_STRICT_PROTOTYPES = YES;
				CLANG_WARN_SUSPICIOUS_MOVE = YES;
				CLANG_WARN_UNGUARDED_AVAILABILITY = YES_AGGRESSIVE;
				CLANG_WARN_UNREACHABLE_CODE = YES;
				CLANG_WARN__DUPLICATE_METHOD_MATCH = YES;
				COPY_PHASE_STRIP = NO;
				DEAD_CODE_STRIPPING = YES;
				DEBUG_INFORMATION_FORMAT = dwarf;
				ENABLE_STRICT_OBJC_MSGSEND = YES;
				ENABLE_TESTABILITY = YES;
				ENABLE_USER_SCRIPT_SANDBOXING = YES;
				GCC_C_LANGUAGE_STANDARD = gnu11;
				GCC_DYNAMIC_NO_PIC = NO;
				GCC_NO_COMMON_BLOCKS = YES;
				GCC_OPTIMIZATION_LEVEL = 0;
				GCC_PREPROCESSOR_DEFINITIONS = (
					"$(inherited)",
					"DEBUG=1",
				);
				GCC_WARN_64_TO_32_BIT_CONVERSION = YES;
				GCC_WARN_ABOUT_RETURN_TYPE = YES_ERROR;
				GCC_WARN_UNDECLARED_SELECTOR = YES;
				GCC_WARN_UNINITIALIZED_AUTOS = YES_AGGRESSIVE;
				GCC_WARN_UNUSED_FUNCTION = YES;
				GCC_WARN_UNUSED_VARIABLE = YES;
				IPHONEOS_DEPLOYMENT_TARGET = 26.0;
				LM_SKIP_METADATA_EXTRACTION = YES;
				MTL_ENABLE_DEBUG_INFO = INCLUDE_SOURCE;
				MTL_FAST_MATH = YES;
				ONLY_ACTIVE_ARCH = YES;
				PRODUCT_NAME = "$(TARGET_NAME)";
				SDKROOT = auto;
				SWIFT_ACTIVE_COMPILATION_CONDITIONS = DEBUG;
				SWIFT_OPTIMIZATION_LEVEL = "-Onone";
				SWIFT_VERSION = 6;
			};
			name = "Dev (Debug)";
		};
		5BF0B8B7F8B2BA3C905022D1 /* Prod (Release) */ = {
			isa = XCBuildConfiguration;
			buildSettings = {
				ASSETCATALOG_COMPILER_APPICON_NAME = AppIcon;
				CODE_SIGN_IDENTITY = "iPhone Developer";
				CODE_SIGN_STYLE = Automatic;
				DEVELOPMENT_TEAM = "$(CAMPFIRE_DEVELOPMENT_TEAM)";
				INFOPLIST_FILE = config/generated/Campfire.plist;
				LD_RUNPATH_SEARCH_PATHS = (
					"$(inherited)",
					"@executable_path/Frameworks",
				);
				PRODUCT_BUNDLE_IDENTIFIER = "$(CAMPFIRE_BUNDLE_ID)";
				PRODUCT_NAME = "$(CAMPFIRE_APP_NAME)";
				SDKROOT = auto;
				SUPPORTED_PLATFORMS = "iphoneos iphonesimulator";
				SUPPORTS_MACCATALYST = NO;
				SUPPORTS_MAC_DESIGNED_FOR_IPHONE_IPAD = YES;
				SUPPORTS_XR_DESIGNED_FOR_IPHONE_IPAD = YES;
				TARGETED_DEVICE_FAMILY = 1;
			};
			name = "Prod (Release)";
		};
		66557E90A1A075CE906D2C23 /* Prod (Release) */ = {
			isa = XCBuildConfiguration;
			buildSettings = {
				BUNDLE_LOADER = "$(TEST_HOST)";
				CODE_SIGNING_ALLOWED = NO;
				INFOPLIST_FILE = "config/generated/Campfire-test.plist";
				LD_RUNPATH_SEARCH_PATHS = (
					"$(inherited)",
					"@executable_path/Frameworks",
					"@loader_path/Frameworks",
				);
				PRODUCT_BUNDLE_IDENTIFIER = "$(CAMPFIRE_BUNDLE_ID).tests";
				SDKROOT = auto;
				SUPPORTED_PLATFORMS = "iphoneos iphonesimulator";
				SUPPORTS_MACCATALYST = NO;
				SUPPORTS_MAC_DESIGNED_FOR_IPHONE_IPAD = YES;
				SUPPORTS_XR_DESIGNED_FOR_IPHONE_IPAD = YES;
				TARGETED_DEVICE_FAMILY = "1,2";
				TEST_HOST = "$(BUILT_PRODUCTS_DIR)/Campfire.app/Campfire";
				"TEST_HOST[sdk=iphonesimulator*]" = "$(BUILT_PRODUCTS_DIR)/$(CAMPFIRE_APP_NAME).app/$(CAMPFIRE_APP_NAME)";
			};
			name = "Prod (Release)";
		};
		6E1063F1FF3351B46FEB54EA /* Local (Debug) */ = {
			isa = XCBuildConfiguration;
			buildSettings = {
				BUNDLE_LOADER = "$(TEST_HOST)";
				CODE_SIGNING_ALLOWED = NO;
				INFOPLIST_FILE = "config/generated/Campfire-test.plist";
				LD_RUNPATH_SEARCH_PATHS = (
					"$(inherited)",
					"@executable_path/Frameworks",
					"@loader_path/Frameworks",
				);
				PRODUCT_BUNDLE_IDENTIFIER = "$(CAMPFIRE_BUNDLE_ID).tests";
				SDKROOT = auto;
				SUPPORTED_PLATFORMS = "iphoneos iphonesimulator";
				SUPPORTS_MACCATALYST = NO;
				SUPPORTS_MAC_DESIGNED_FOR_IPHONE_IPAD = YES;
				SUPPORTS_XR_DESIGNED_FOR_IPHONE_IPAD = YES;
				TARGETED_DEVICE_FAMILY = "1,2";
				TEST_HOST = "$(BUILT_PRODUCTS_DIR)/Campfire.app/Campfire";
				"TEST_HOST[sdk=iphonesimulator*]" = "$(BUILT_PRODUCTS_DIR)/$(CAMPFIRE_APP_NAME).app/$(CAMPFIRE_APP_NAME)";
			};
			name = "Local (Debug)";
		};
		765A486FCFDDBABFF1166C2D /* Dev (Debug) */ = {
			isa = XCBuildConfiguration;
			buildSettings = {
				ASSETCATALOG_COMPILER_APPICON_NAME = AppIcon;
				CODE_SIGN_IDENTITY = "iPhone Developer";
				CODE_SIGN_STYLE = Automatic;
				DEVELOPMENT_TEAM = "$(CAMPFIRE_DEVELOPMENT_TEAM)";
				INFOPLIST_FILE = config/generated/Campfire.plist;
				LD_RUNPATH_SEARCH_PATHS = (
					"$(inherited)",
					"@executable_path/Frameworks",
				);
				PRODUCT_BUNDLE_IDENTIFIER = "$(CAMPFIRE_BUNDLE_ID)";
				PRODUCT_NAME = "$(CAMPFIRE_APP_NAME)";
				SDKROOT = auto;
				SUPPORTED_PLATFORMS = "iphoneos iphonesimulator";
				SUPPORTS_MACCATALYST = NO;
				SUPPORTS_MAC_DESIGNED_FOR_IPHONE_IPAD = YES;
				SUPPORTS_XR_DESIGNED_FOR_IPHONE_IPAD = YES;
				TARGETED_DEVICE_FAMILY = 1;
			};
			name = "Dev (Debug)";
		};
		963B8775FB751FAA0A617124 /* Prod (Debug) */ = {
			isa = XCBuildConfiguration;
			baseConfigurationReference = DCCB65045B963E522D0858DE /* Prod.xcconfig */;
			buildSettings = {
				ALWAYS_SEARCH_USER_PATHS = NO;
				CLANG_ANALYZER_NONNULL = YES;
				CLANG_ANALYZER_NUMBER_OBJECT_CONVERSION = YES_AGGRESSIVE;
				CLANG_CXX_LANGUAGE_STANDARD = "gnu++14";
				CLANG_CXX_LIBRARY = "libc++";
				CLANG_ENABLE_MODULES = YES;
				CLANG_ENABLE_OBJC_ARC = YES;
				CLANG_ENABLE_OBJC_WEAK = YES;
				CLANG_WARN_BLOCK_CAPTURE_AUTORELEASING = YES;
				CLANG_WARN_BOOL_CONVERSION = YES;
				CLANG_WARN_COMMA = YES;
				CLANG_WARN_CONSTANT_CONVERSION = YES;
				CLANG_WARN_DEPRECATED_OBJC_IMPLEMENTATIONS = YES;
				CLANG_WARN_DIRECT_OBJC_ISA_USAGE = YES_ERROR;
				CLANG_WARN_DOCUMENTATION_COMMENTS = YES;
				CLANG_WARN_EMPTY_BODY = YES;
				CLANG_WARN_ENUM_CONVERSION = YES;
				CLANG_WARN_INFINITE_RECURSION = YES;
				CLANG_WARN_INT_CONVERSION = YES;
				CLANG_WARN_NON_LITERAL_NULL_CONVERSION = YES;
				CLANG_WARN_OBJC_IMPLICIT_RETAIN_SELF = YES;
				CLANG_WARN_OBJC_LITERAL_CONVERSION = YES;
				CLANG_WARN_OBJC_ROOT_CLASS = YES_ERROR;
				CLANG_WARN_QUOTED_INCLUDE_IN_FRAMEWORK_HEADER = YES;
				CLANG_WARN_RANGE_LOOP_ANALYSIS = YES;
				CLANG_WARN_STRICT_PROTOTYPES = YES;
				CLANG_WARN_SUSPICIOUS_MOVE = YES;
				CLANG_WARN_UNGUARDED_AVAILABILITY = YES_AGGRESSIVE;
				CLANG_WARN_UNREACHABLE_CODE = YES;
				CLANG_WARN__DUPLICATE_METHOD_MATCH = YES;
				COPY_PHASE_STRIP = NO;
				DEAD_CODE_STRIPPING = YES;
				DEBUG_INFORMATION_FORMAT = dwarf;
				ENABLE_STRICT_OBJC_MSGSEND = YES;
				ENABLE_TESTABILITY = YES;
				ENABLE_USER_SCRIPT_SANDBOXING = YES;
				GCC_C_LANGUAGE_STANDARD = gnu11;
				GCC_DYNAMIC_NO_PIC = NO;
				GCC_NO_COMMON_BLOCKS = YES;
				GCC_OPTIMIZATION_LEVEL = 0;
				GCC_PREPROCESSOR_DEFINITIONS = (
					"$(inherited)",
					"DEBUG=1",
				);
				GCC_WARN_64_TO_32_BIT_CONVERSION = YES;
				GCC_WARN_ABOUT_RETURN_TYPE = YES_ERROR;
				GCC_WARN_UNDECLARED_SELECTOR = YES;
				GCC_WARN_UNINITIALIZED_AUTOS = YES_AGGRESSIVE;
				GCC_WARN_UNUSED_FUNCTION = YES;
				GCC_WARN_UNUSED_VARIABLE = YES;
				IPHONEOS_DEPLOYMENT_TARGET = 26.0;
				LM_SKIP_METADATA_EXTRACTION = YES;
				MTL_ENABLE_DEBUG_INFO = INCLUDE_SOURCE;
				MTL_FAST_MATH = YES;
				ONLY_ACTIVE_ARCH = YES;
				PRODUCT_NAME = "$(TARGET_NAME)";
				SDKROOT = auto;
				SWIFT_ACTIVE_COMPILATION_CONDITIONS = DEBUG;
				SWIFT_OPTIMIZATION_LEVEL = "-Onone";
				SWIFT_VERSION = 6;
			};
			name = "Prod (Debug)";
		};
		988713CA08BE0C5FE6B13942 /* Dev (Debug) */ = {
			isa = XCBuildConfiguration;
			buildSettings = {
				BUNDLE_LOADER = "$(TEST_HOST)";
				CODE_SIGNING_ALLOWED = NO;
				INFOPLIST_FILE = "config/generated/Campfire-test.plist";
				LD_RUNPATH_SEARCH_PATHS = (
					"$(inherited)",
					"@executable_path/Frameworks",
					"@loader_path/Frameworks",
				);
				PRODUCT_BUNDLE_IDENTIFIER = "$(CAMPFIRE_BUNDLE_ID).tests";
				SDKROOT = auto;
				SUPPORTED_PLATFORMS = "iphoneos iphonesimulator";
				SUPPORTS_MACCATALYST = NO;
				SUPPORTS_MAC_DESIGNED_FOR_IPHONE_IPAD = YES;
				SUPPORTS_XR_DESIGNED_FOR_IPHONE_IPAD = YES;
				TARGETED_DEVICE_FAMILY = "1,2";
				TEST_HOST = "$(BUILT_PRODUCTS_DIR)/Campfire.app/Campfire";
				"TEST_HOST[sdk=iphonesimulator*]" = "$(BUILT_PRODUCTS_DIR)/$(CAMPFIRE_APP_NAME).app/$(CAMPFIRE_APP_NAME)";
			};
			name = "Dev (Debug)";
		};
		B0A5684B510099A82E8D3863 /* Local (Release) */ = {
			isa = XCBuildConfiguration;
			baseConfigurationReference = 385330E42EB6817FC4F71A6C /* Local.xcconfig */;
			buildSettings = {
				ALWAYS_SEARCH_USER_PATHS = NO;
				CLANG_ANALYZER_NONNULL = YES;
				CLANG_ANALYZER_NUMBER_OBJECT_CONVERSION = YES_AGGRESSIVE;
				CLANG_CXX_LANGUAGE_STANDARD = "gnu++14";
				CLANG_CXX_LIBRARY = "libc++";
				CLANG_ENABLE_MODULES = YES;
				CLANG_ENABLE_OBJC_ARC = YES;
				CLANG_ENABLE_OBJC_WEAK = YES;
				CLANG_WARN_BLOCK_CAPTURE_AUTORELEASING = YES;
				CLANG_WARN_BOOL_CONVERSION = YES;
				CLANG_WARN_COMMA = YES;
				CLANG_WARN_CONSTANT_CONVERSION = YES;
				CLANG_WARN_DEPRECATED_OBJC_IMPLEMENTATIONS = YES;
				CLANG_WARN_DIRECT_OBJC_ISA_USAGE = YES_ERROR;
				CLANG_WARN_DOCUMENTATION_COMMENTS = YES;
				CLANG_WARN_EMPTY_BODY = YES;
				CLANG_WARN_ENUM_CONVERSION = YES;
				CLANG_WARN_INFINITE_RECURSION = YES;
				CLANG_WARN_INT_CONVERSION = YES;
				CLANG_WARN_NON_LITERAL_NULL_CONVERSION = YES;
				CLANG_WARN_OBJC_IMPLICIT_RETAIN_SELF = YES;
				CLANG_WARN_OBJC_LITERAL_CONVERSION = YES;
				CLANG_WARN_OBJC_ROOT_CLASS = YES_ERROR;
				CLANG_WARN_QUOTED_INCLUDE_IN_FRAMEWORK_HEADER = YES;
				CLANG_WARN_RANGE_LOOP_ANALYSIS = YES;
				CLANG_WARN_STRICT_PROTOTYPES = YES;
				CLANG_WARN_SUSPICIOUS_MOVE = YES;
				CLANG_WARN_UNGUARDED_AVAILABILITY = YES_AGGRESSIVE;
				CLANG_WARN_UNREACHABLE_CODE = YES;
				CLANG_WARN__DUPLICATE_METHOD_MATCH = YES;
				COPY_PHASE_STRIP = NO;
				DEAD_CODE_STRIPPING = YES;
				DEBUG_INFORMATION_FORMAT = "dwarf-with-dsym";
				ENABLE_NS_ASSERTIONS = NO;
				ENABLE_STRICT_OBJC_MSGSEND = YES;
				ENABLE_USER_SCRIPT_SANDBOXING = YES;
				GCC_C_LANGUAGE_STANDARD = gnu11;
				GCC_NO_COMMON_BLOCKS = YES;
				GCC_WARN_64_TO_32_BIT_CONVERSION = YES;
				GCC_WARN_ABOUT_RETURN_TYPE = YES_ERROR;
				GCC_WARN_UNDECLARED_SELECTOR = YES;
				GCC_WARN_UNINITIALIZED_AUTOS = YES_AGGRESSIVE;
				GCC_WARN_UNUSED_FUNCTION = YES;
				GCC_WARN_UNUSED_VARIABLE = YES;
				IPHONEOS_DEPLOYMENT_TARGET = 26.0;
				LM_SKIP_METADATA_EXTRACTION = YES;
				MTL_ENABLE_DEBUG_INFO = NO;
				MTL_FAST_MATH = YES;
				PRODUCT_NAME = "$(TARGET_NAME)";
				SDKROOT = auto;
				SWIFT_COMPILATION_MODE = wholemodule;
				SWIFT_OPTIMIZATION_LEVEL = "-O";
				SWIFT_VERSION = 6;
			};
			name = "Local (Release)";
		};
		BBD23DC299CCCAFF913A72ED /* Local (Debug) */ = {
			isa = XCBuildConfiguration;
			baseConfigurationReference = 385330E42EB6817FC4F71A6C /* Local.xcconfig */;
			buildSettings = {
				ALWAYS_SEARCH_USER_PATHS = NO;
				CLANG_ANALYZER_NONNULL = YES;
				CLANG_ANALYZER_NUMBER_OBJECT_CONVERSION = YES_AGGRESSIVE;
				CLANG_CXX_LANGUAGE_STANDARD = "gnu++14";
				CLANG_CXX_LIBRARY = "libc++";
				CLANG_ENABLE_MODULES = YES;
				CLANG_ENABLE_OBJC_ARC = YES;
				CLANG_ENABLE_OBJC_WEAK = YES;
				CLANG_WARN_BLOCK_CAPTURE_AUTORELEASING = YES;
				CLANG_WARN_BOOL_CONVERSION = YES;
				CLANG_WARN_COMMA = YES;
				CLANG_WARN_CONSTANT_CONVERSION = YES;
				CLANG_WARN_DEPRECATED_OBJC_IMPLEMENTATIONS = YES;
				CLANG_WARN_DIRECT_OBJC_ISA_USAGE = YES_ERROR;
				CLANG_WARN_DOCUMENTATION_COMMENTS = YES;
				CLANG_WARN_EMPTY_BODY = YES;
				CLANG_WARN_ENUM_CONVERSION = YES;
				CLANG_WARN_INFINITE_RECURSION = YES;
				CLANG_WARN_INT_CONVERSION = YES;
				CLANG_WARN_NON_LITERAL_NULL_CONVERSION = YES;
				CLANG_WARN_OBJC_IMPLICIT_RETAIN_SELF = YES;
				CLANG_WARN_OBJC_LITERAL_CONVERSION = YES;
				CLANG_WARN_OBJC_ROOT_CLASS = YES_ERROR;
				CLANG_WARN_QUOTED_INCLUDE_IN_FRAMEWORK_HEADER = YES;
				CLANG_WARN_RANGE_LOOP_ANALYSIS = YES;
				CLANG_WARN_STRICT_PROTOTYPES = YES;
				CLANG_WARN_SUSPICIOUS_MOVE = YES;
				CLANG_WARN_UNGUARDED_AVAILABILITY = YES_AGGRESSIVE;
				CLANG_WARN_UNREACHABLE_CODE = YES;
				CLANG_WARN__DUPLICATE_METHOD_MATCH = YES;
				COPY_PHASE_STRIP = NO;
				DEAD_CODE_STRIPPING = YES;
				DEBUG_INFORMATION_FORMAT = dwarf;
				ENABLE_STRICT_OBJC_MSGSEND = YES;
				ENABLE_TESTABILITY = YES;
				ENABLE_USER_SCRIPT_SANDBOXING = YES;
				GCC_C_LANGUAGE_STANDARD = gnu11;
				GCC_DYNAMIC_NO_PIC = NO;
				GCC_NO_COMMON_BLOCKS = YES;
				GCC_OPTIMIZATION_LEVEL = 0;
				GCC_PREPROCESSOR_DEFINITIONS = (
					"$(inherited)",
					"DEBUG=1",
				);
				GCC_WARN_64_TO_32_BIT_CONVERSION = YES;
				GCC_WARN_ABOUT_RETURN_TYPE = YES_ERROR;
				GCC_WARN_UNDECLARED_SELECTOR = YES;
				GCC_WARN_UNINITIALIZED_AUTOS = YES_AGGRESSIVE;
				GCC_WARN_UNUSED_FUNCTION = YES;
				GCC_WARN_UNUSED_VARIABLE = YES;
				IPHONEOS_DEPLOYMENT_TARGET = 26.0;
				LM_SKIP_METADATA_EXTRACTION = YES;
				MTL_ENABLE_DEBUG_INFO = INCLUDE_SOURCE;
				MTL_FAST_MATH = YES;
				ONLY_ACTIVE_ARCH = YES;
				PRODUCT_NAME = "$(TARGET_NAME)";
				SDKROOT = auto;
				SWIFT_ACTIVE_COMPILATION_CONDITIONS = DEBUG;
				SWIFT_OPTIMIZATION_LEVEL = "-Onone";
				SWIFT_VERSION = 6;
			};
			name = "Local (Debug)";
		};
		BC4DEB68306A2267E4481605 /* Prod (Release) */ = {
			isa = XCBuildConfiguration;
			baseConfigurationReference = DCCB65045B963E522D0858DE /* Prod.xcconfig */;
			buildSettings = {
				ALWAYS_SEARCH_USER_PATHS = NO;
				CLANG_ANALYZER_NONNULL = YES;
				CLANG_ANALYZER_NUMBER_OBJECT_CONVERSION = YES_AGGRESSIVE;
				CLANG_CXX_LANGUAGE_STANDARD = "gnu++14";
				CLANG_CXX_LIBRARY = "libc++";
				CLANG_ENABLE_MODULES = YES;
				CLANG_ENABLE_OBJC_ARC = YES;
				CLANG_ENABLE_OBJC_WEAK = YES;
				CLANG_WARN_BLOCK_CAPTURE_AUTORELEASING = YES;
				CLANG_WARN_BOOL_CONVERSION = YES;
				CLANG_WARN_COMMA = YES;
				CLANG_WARN_CONSTANT_CONVERSION = YES;
				CLANG_WARN_DEPRECATED_OBJC_IMPLEMENTATIONS = YES;
				CLANG_WARN_DIRECT_OBJC_ISA_USAGE = YES_ERROR;
				CLANG_WARN_DOCUMENTATION_COMMENTS = YES;
				CLANG_WARN_EMPTY_BODY = YES;
				CLANG_WARN_ENUM_CONVERSION = YES;
				CLANG_WARN_INFINITE_RECURSION = YES;
				CLANG_WARN_INT_CONVERSION = YES;
				CLANG_WARN_NON_LITERAL_NULL_CONVERSION = YES;
				CLANG_WARN_OBJC_IMPLICIT_RETAIN_SELF = YES;
				CLANG_WARN_OBJC_LITERAL_CONVERSION = YES;
				CLANG_WARN_OBJC_ROOT_CLASS = YES_ERROR;
				CLANG_WARN_QUOTED_INCLUDE_IN_FRAMEWORK_HEADER = YES;
				CLANG_WARN_RANGE_LOOP_ANALYSIS = YES;
				CLANG_WARN_STRICT_PROTOTYPES = YES;
				CLANG_WARN_SUSPICIOUS_MOVE = YES;
				CLANG_WARN_UNGUARDED_AVAILABILITY = YES_AGGRESSIVE;
				CLANG_WARN_UNREACHABLE_CODE = YES;
				CLANG_WARN__DUPLICATE_METHOD_MATCH = YES;
				COPY_PHASE_STRIP = NO;
				DEAD_CODE_STRIPPING = YES;
				DEBUG_INFORMATION_FORMAT = "dwarf-with-dsym";
				ENABLE_NS_ASSERTIONS = NO;
				ENABLE_STRICT_OBJC_MSGSEND = YES;
				ENABLE_USER_SCRIPT_SANDBOXING = YES;
				GCC_C_LANGUAGE_STANDARD = gnu11;
				GCC_NO_COMMON_BLOCKS = YES;
				GCC_WARN_64_TO_32_BIT_CONVERSION = YES;
				GCC_WARN_ABOUT_RETURN_TYPE = YES_ERROR;
				GCC_WARN_UNDECLARED_SELECTOR = YES;
				GCC_WARN_UNINITIALIZED_AUTOS = YES_AGGRESSIVE;
				GCC_WARN_UNUSED_FUNCTION = YES;
				GCC_WARN_UNUSED_VARIABLE = YES;
				IPHONEOS_DEPLOYMENT_TARGET = 26.0;
				LM_SKIP_METADATA_EXTRACTION = YES;
				MTL_ENABLE_DEBUG_INFO = NO;
				MTL_FAST_MATH = YES;
				PRODUCT_NAME = "$(TARGET_NAME)";
				SDKROOT = auto;
				SWIFT_COMPILATION_MODE = wholemodule;
				SWIFT_OPTIMIZATION_LEVEL = "-O";
				SWIFT_VERSION = 6;
			};
			name = "Prod (Release)";
		};
		C47142F77625806AA15935CC /* Prod (Debug) */ = {
			isa = XCBuildConfiguration;
			buildSettings = {
				BUNDLE_LOADER = "$(TEST_HOST)";
				CODE_SIGNING_ALLOWED = NO;
				INFOPLIST_FILE = "config/generated/Campfire-test.plist";
				LD_RUNPATH_SEARCH_PATHS = (
					"$(inherited)",
					"@executable_path/Frameworks",
					"@loader_path/Frameworks",
				);
				PRODUCT_BUNDLE_IDENTIFIER = "$(CAMPFIRE_BUNDLE_ID).tests";
				SDKROOT = auto;
				SUPPORTED_PLATFORMS = "iphoneos iphonesimulator";
				SUPPORTS_MACCATALYST = NO;
				SUPPORTS_MAC_DESIGNED_FOR_IPHONE_IPAD = YES;
				SUPPORTS_XR_DESIGNED_FOR_IPHONE_IPAD = YES;
				TARGETED_DEVICE_FAMILY = "1,2";
				TEST_HOST = "$(BUILT_PRODUCTS_DIR)/Campfire.app/Campfire";
				"TEST_HOST[sdk=iphonesimulator*]" = "$(BUILT_PRODUCTS_DIR)/$(CAMPFIRE_APP_NAME).app/$(CAMPFIRE_APP_NAME)";
			};
			name = "Prod (Debug)";
		};
		CDC6C5316C5DE8EA154B956E /* Dev (Debug) */ = {
			isa = XCBuildConfiguration;
			buildSettings = {
				BUNDLE_LOADER = "$(TEST_HOST)";
				CODE_SIGNING_ALLOWED = NO;
				INFOPLIST_FILE = "config/generated/Campfire-uitest.plist";
				LD_RUNPATH_SEARCH_PATHS = (
					"$(inherited)",
					"@executable_path/Frameworks",
					"@loader_path/Frameworks",
				);
				PRODUCT_BUNDLE_IDENTIFIER = "$(CAMPFIRE_BUNDLE_ID).uitests";
				SDKROOT = auto;
				SUPPORTED_PLATFORMS = "iphoneos iphonesimulator";
				SUPPORTS_MACCATALYST = NO;
				SUPPORTS_MAC_DESIGNED_FOR_IPHONE_IPAD = YES;
				SUPPORTS_XR_DESIGNED_FOR_IPHONE_IPAD = YES;
				TARGETED_DEVICE_FAMILY = "1,2";
				TEST_TARGET_NAME = Campfire;
			};
			name = "Dev (Debug)";
		};
		CE806EB1F3773B6E952A9DEC /* Dev (Release) */ = {
			isa = XCBuildConfiguration;
			baseConfigurationReference = 981586AC6054589865EA061A /* Dev.xcconfig */;
			buildSettings = {
				ALWAYS_SEARCH_USER_PATHS = NO;
				CLANG_ANALYZER_NONNULL = YES;
				CLANG_ANALYZER_NUMBER_OBJECT_CONVERSION = YES_AGGRESSIVE;
				CLANG_CXX_LANGUAGE_STANDARD = "gnu++14";
				CLANG_CXX_LIBRARY = "libc++";
				CLANG_ENABLE_MODULES = YES;
				CLANG_ENABLE_OBJC_ARC = YES;
				CLANG_ENABLE_OBJC_WEAK = YES;
				CLANG_WARN_BLOCK_CAPTURE_AUTORELEASING = YES;
				CLANG_WARN_BOOL_CONVERSION = YES;
				CLANG_WARN_COMMA = YES;
				CLANG_WARN_CONSTANT_CONVERSION = YES;
				CLANG_WARN_DEPRECATED_OBJC_IMPLEMENTATIONS = YES;
				CLANG_WARN_DIRECT_OBJC_ISA_USAGE = YES_ERROR;
				CLANG_WARN_DOCUMENTATION_COMMENTS = YES;
				CLANG_WARN_EMPTY_BODY = YES;
				CLANG_WARN_ENUM_CONVERSION = YES;
				CLANG_WARN_INFINITE_RECURSION = YES;
				CLANG_WARN_INT_CONVERSION = YES;
				CLANG_WARN_NON_LITERAL_NULL_CONVERSION = YES;
				CLANG_WARN_OBJC_IMPLICIT_RETAIN_SELF = YES;
				CLANG_WARN_OBJC_LITERAL_CONVERSION = YES;
				CLANG_WARN_OBJC_ROOT_CLASS = YES_ERROR;
				CLANG_WARN_QUOTED_INCLUDE_IN_FRAMEWORK_HEADER = YES;
				CLANG_WARN_RANGE_LOOP_ANALYSIS = YES;
				CLANG_WARN_STRICT_PROTOTYPES = YES;
				CLANG_WARN_SUSPICIOUS_MOVE = YES;
				CLANG_WARN_UNGUARDED_AVAILABILITY = YES_AGGRESSIVE;
				CLANG_WARN_UNREACHABLE_CODE = YES;
				CLANG_WARN__DUPLICATE_METHOD_MATCH = YES;
				COPY_PHASE_STRIP = NO;
				DEAD_CODE_STRIPPING = YES;
				DEBUG_INFORMATION_FORMAT = "dwarf-with-dsym";
				ENABLE_NS_ASSERTIONS = NO;
				ENABLE_STRICT_OBJC_MSGSEND = YES;
				ENABLE_USER_SCRIPT_SANDBOXING = YES;
				GCC_C_LANGUAGE_STANDARD = gnu11;
				GCC_NO_COMMON_BLOCKS = YES;
				GCC_WARN_64_TO_32_BIT_CONVERSION = YES;
				GCC_WARN_ABOUT_RETURN_TYPE = YES_ERROR;
				GCC_WARN_UNDECLARED_SELECTOR = YES;
				GCC_WARN_UNINITIALIZED_AUTOS = YES_AGGRESSIVE;
				GCC_WARN_UNUSED_FUNCTION = YES;
				GCC_WARN_UNUSED_VARIABLE = YES;
				IPHONEOS_DEPLOYMENT_TARGET = 26.0;
				LM_SKIP_METADATA_EXTRACTION = YES;
				MTL_ENABLE_DEBUG_INFO = NO;
				MTL_FAST_MATH = YES;
				PRODUCT_NAME = "$(TARGET_NAME)";
				SDKROOT = auto;
				SWIFT_COMPILATION_MODE = wholemodule;
				SWIFT_OPTIMIZATION_LEVEL = "-O";
				SWIFT_VERSION = 6;
			};
			name = "Dev (Release)";
		};
		DAA1692E142C8A6EB7B55987 /* Local (Release) */ = {
			isa = XCBuildConfiguration;
			buildSettings = {
				BUNDLE_LOADER = "$(TEST_HOST)";
				CODE_SIGNING_ALLOWED = NO;
				INFOPLIST_FILE = "config/generated/Campfire-uitest.plist";
				LD_RUNPATH_SEARCH_PATHS = (
					"$(inherited)",
					"@executable_path/Frameworks",
					"@loader_path/Frameworks",
				);
				PRODUCT_BUNDLE_IDENTIFIER = "$(CAMPFIRE_BUNDLE_ID).uitests";
				SDKROOT = auto;
				SUPPORTED_PLATFORMS = "iphoneos iphonesimulator";
				SUPPORTS_MACCATALYST = NO;
				SUPPORTS_MAC_DESIGNED_FOR_IPHONE_IPAD = YES;
				SUPPORTS_XR_DESIGNED_FOR_IPHONE_IPAD = YES;
				TARGETED_DEVICE_FAMILY = "1,2";
				TEST_TARGET_NAME = Campfire;
			};
			name = "Local (Release)";
		};
		E3316E78F0799685B12E5F89 /* Local (Release) */ = {
			isa = XCBuildConfiguration;
			buildSettings = {
				ASSETCATALOG_COMPILER_APPICON_NAME = AppIcon;
				CODE_SIGN_IDENTITY = "iPhone Developer";
				CODE_SIGN_STYLE = Automatic;
				DEVELOPMENT_TEAM = "$(CAMPFIRE_DEVELOPMENT_TEAM)";
				INFOPLIST_FILE = config/generated/Campfire.plist;
				LD_RUNPATH_SEARCH_PATHS = (
					"$(inherited)",
					"@executable_path/Frameworks",
				);
				PRODUCT_BUNDLE_IDENTIFIER = "$(CAMPFIRE_BUNDLE_ID)";
				PRODUCT_NAME = "$(CAMPFIRE_APP_NAME)";
				SDKROOT = auto;
				SUPPORTED_PLATFORMS = "iphoneos iphonesimulator";
				SUPPORTS_MACCATALYST = NO;
				SUPPORTS_MAC_DESIGNED_FOR_IPHONE_IPAD = YES;
				SUPPORTS_XR_DESIGNED_FOR_IPHONE_IPAD = YES;
				TARGETED_DEVICE_FAMILY = 1;
			};
			name = "Local (Release)";
		};
		E4C18C117480981C72DE2EE6 /* Prod (Release) */ = {
			isa = XCBuildConfiguration;
			buildSettings = {
				BUNDLE_LOADER = "$(TEST_HOST)";
				CODE_SIGNING_ALLOWED = NO;
				INFOPLIST_FILE = "config/generated/Campfire-uitest.plist";
				LD_RUNPATH_SEARCH_PATHS = (
					"$(inherited)",
					"@executable_path/Frameworks",
					"@loader_path/Frameworks",
				);
				PRODUCT_BUNDLE_IDENTIFIER = "$(CAMPFIRE_BUNDLE_ID).uitests";
				SDKROOT = auto;
				SUPPORTED_PLATFORMS = "iphoneos iphonesimulator";
				SUPPORTS_MACCATALYST = NO;
				SUPPORTS_MAC_DESIGNED_FOR_IPHONE_IPAD = YES;
				SUPPORTS_XR_DESIGNED_FOR_IPHONE_IPAD = YES;
				TARGETED_DEVICE_FAMILY = "1,2";
				TEST_TARGET_NAME = Campfire;
			};
			name = "Prod (Release)";
		};
		E6DAE13314062F91A26421C9 /* Local (Debug) */ = {
			isa = XCBuildConfiguration;
			buildSettings = {
				ASSETCATALOG_COMPILER_APPICON_NAME = AppIcon;
				CODE_SIGN_IDENTITY = "iPhone Developer";
				CODE_SIGN_STYLE = Automatic;
				DEVELOPMENT_TEAM = "$(CAMPFIRE_DEVELOPMENT_TEAM)";
				INFOPLIST_FILE = config/generated/Campfire.plist;
				LD_RUNPATH_SEARCH_PATHS = (
					"$(inherited)",
					"@executable_path/Frameworks",
				);
				PRODUCT_BUNDLE_IDENTIFIER = "$(CAMPFIRE_BUNDLE_ID)";
				PRODUCT_NAME = "$(CAMPFIRE_APP_NAME)";
				SDKROOT = auto;
				SUPPORTED_PLATFORMS = "iphoneos iphonesimulator";
				SUPPORTS_MACCATALYST = NO;
				SUPPORTS_MAC_DESIGNED_FOR_IPHONE_IPAD = YES;
				SUPPORTS_XR_DESIGNED_FOR_IPHONE_IPAD = YES;
				TARGETED_DEVICE_FAMILY = 1;
			};
			name = "Local (Debug)";
		};
		EB039D092296C4DB33AEFF8C /* Dev (Release) */ = {
			isa = XCBuildConfiguration;
			buildSettings = {
				BUNDLE_LOADER = "$(TEST_HOST)";
				CODE_SIGNING_ALLOWED = NO;
				INFOPLIST_FILE = "config/generated/Campfire-uitest.plist";
				LD_RUNPATH_SEARCH_PATHS = (
					"$(inherited)",
					"@executable_path/Frameworks",
					"@loader_path/Frameworks",
				);
				PRODUCT_BUNDLE_IDENTIFIER = "$(CAMPFIRE_BUNDLE_ID).uitests";
				SDKROOT = auto;
				SUPPORTED_PLATFORMS = "iphoneos iphonesimulator";
				SUPPORTS_MACCATALYST = NO;
				SUPPORTS_MAC_DESIGNED_FOR_IPHONE_IPAD = YES;
				SUPPORTS_XR_DESIGNED_FOR_IPHONE_IPAD = YES;
				TARGETED_DEVICE_FAMILY = "1,2";
				TEST_TARGET_NAME = Campfire;
			};
			name = "Dev (Release)";
		};
		EDD701479B67A8D67496EF05 /* Dev (Release) */ = {
			isa = XCBuildConfiguration;
			buildSettings = {
				BUNDLE_LOADER = "$(TEST_HOST)";
				CODE_SIGNING_ALLOWED = NO;
				INFOPLIST_FILE = "config/generated/Campfire-test.plist";
				LD_RUNPATH_SEARCH_PATHS = (
					"$(inherited)",
					"@executable_path/Frameworks",
					"@loader_path/Frameworks",
				);
				PRODUCT_BUNDLE_IDENTIFIER = "$(CAMPFIRE_BUNDLE_ID).tests";
				SDKROOT = auto;
				SUPPORTED_PLATFORMS = "iphoneos iphonesimulator";
				SUPPORTS_MACCATALYST = NO;
				SUPPORTS_MAC_DESIGNED_FOR_IPHONE_IPAD = YES;
				SUPPORTS_XR_DESIGNED_FOR_IPHONE_IPAD = YES;
				TARGETED_DEVICE_FAMILY = "1,2";
				TEST_HOST = "$(BUILT_PRODUCTS_DIR)/Campfire.app/Campfire";
				"TEST_HOST[sdk=iphonesimulator*]" = "$(BUILT_PRODUCTS_DIR)/$(CAMPFIRE_APP_NAME).app/$(CAMPFIRE_APP_NAME)";
			};
			name = "Dev (Release)";
		};
		F007A597DCD77B40A7AFECD0 /* Prod (Debug) */ = {
			isa = XCBuildConfiguration;
			buildSettings = {
				ASSETCATALOG_COMPILER_APPICON_NAME = AppIcon;
				CODE_SIGN_IDENTITY = "iPhone Developer";
				CODE_SIGN_STYLE = Automatic;
				DEVELOPMENT_TEAM = "$(CAMPFIRE_DEVELOPMENT_TEAM)";
				INFOPLIST_FILE = config/generated/Campfire.plist;
				LD_RUNPATH_SEARCH_PATHS = (
					"$(inherited)",
					"@executable_path/Frameworks",
				);
				PRODUCT_BUNDLE_IDENTIFIER = "$(CAMPFIRE_BUNDLE_ID)";
				PRODUCT_NAME = "$(CAMPFIRE_APP_NAME)";
				SDKROOT = auto;
				SUPPORTED_PLATFORMS = "iphoneos iphonesimulator";
				SUPPORTS_MACCATALYST = NO;
				SUPPORTS_MAC_DESIGNED_FOR_IPHONE_IPAD = YES;
				SUPPORTS_XR_DESIGNED_FOR_IPHONE_IPAD = YES;
				TARGETED_DEVICE_FAMILY = 1;
			};
			name = "Prod (Debug)";
		};
/* End XCBuildConfiguration section */

/* Begin XCConfigurationList section */
		07B2C1250A4244639200B6D5 /* Build configuration list for PBXNativeTarget "CampfireTests" */ = {
			isa = XCConfigurationList;
			buildConfigurations = (
				988713CA08BE0C5FE6B13942 /* Dev (Debug) */,
				EDD701479B67A8D67496EF05 /* Dev (Release) */,
				6E1063F1FF3351B46FEB54EA /* Local (Debug) */,
				3065C5B0524DAFAB65D63A11 /* Local (Release) */,
				C47142F77625806AA15935CC /* Prod (Debug) */,
				66557E90A1A075CE906D2C23 /* Prod (Release) */,
			);
			defaultConfigurationIsVisible = 0;
			defaultConfigurationName = "Local (Debug)";
		};
		54302500CE1C184EF6B34B58 /* Build configuration list for PBXNativeTarget "Campfire" */ = {
			isa = XCConfigurationList;
			buildConfigurations = (
				765A486FCFDDBABFF1166C2D /* Dev (Debug) */,
				1AA8D739E940028CD9437411 /* Dev (Release) */,
				E6DAE13314062F91A26421C9 /* Local (Debug) */,
				E3316E78F0799685B12E5F89 /* Local (Release) */,
				F007A597DCD77B40A7AFECD0 /* Prod (Debug) */,
				5BF0B8B7F8B2BA3C905022D1 /* Prod (Release) */,
			);
			defaultConfigurationIsVisible = 0;
			defaultConfigurationName = "Local (Debug)";
		};
		8B3F1EEB824FDA2E038C613B /* Build configuration list for PBXProject "Campfire" */ = {
			isa = XCConfigurationList;
			buildConfigurations = (
				57412518D9F2CCB8991261A2 /* Dev (Debug) */,
				CE806EB1F3773B6E952A9DEC /* Dev (Release) */,
				BBD23DC299CCCAFF913A72ED /* Local (Debug) */,
				B0A5684B510099A82E8D3863 /* Local (Release) */,
				963B8775FB751FAA0A617124 /* Prod (Debug) */,
				BC4DEB68306A2267E4481605 /* Prod (Release) */,
			);
			defaultConfigurationIsVisible = 0;
			defaultConfigurationName = "Local (Debug)";
		};
		D558747AFB22E3919568A7A1 /* Build configuration list for PBXNativeTarget "CampfireUITests" */ = {
			isa = XCConfigurationList;
			buildConfigurations = (
				CDC6C5316C5DE8EA154B956E /* Dev (Debug) */,
				EB039D092296C4DB33AEFF8C /* Dev (Release) */,
				3BB210A7AEB894B05A915B98 /* Local (Debug) */,
				DAA1692E142C8A6EB7B55987 /* Local (Release) */,
				37DBAADF793F0B29C2725626 /* Prod (Debug) */,
				E4C18C117480981C72DE2EE6 /* Prod (Release) */,
			);
			defaultConfigurationIsVisible = 0;
			defaultConfigurationName = "Local (Debug)";
		};
/* End XCConfigurationList section */
	};
	rootObject = 06B8F519E31A518DF7D336A1 /* Project object */;
}
